// !$*UTF8*$!
{
	archiveVersion = 1;
	classes = {
	};
	objectVersion = 46;
	objects = {

/* Begin PBXBuildFile section */
		77C5C76C1F859E4800DBE905 /* AppDelegate.swift in Sources */ = {isa = PBXBuildFile; fileRef = 77C5C76B1F859E4800DBE905 /* AppDelegate.swift */; };
		77C5C7711F859E4800DBE905 /* Main.storyboard in Resources */ = {isa = PBXBuildFile; fileRef = 77C5C76F1F859E4800DBE905 /* Main.storyboard */; };
		77C5C7731F859E4800DBE905 /* Assets.xcassets in Resources */ = {isa = PBXBuildFile; fileRef = 77C5C7721F859E4800DBE905 /* Assets.xcassets */; };
		77C5C7761F859E4800DBE905 /* LaunchScreen.storyboard in Resources */ = {isa = PBXBuildFile; fileRef = 77C5C7741F859E4800DBE905 /* LaunchScreen.storyboard */; };
		77C5C77E1F85A98400DBE905 /* SwitchingViewController.swift in Sources */ = {isa = PBXBuildFile; fileRef = 77C5C77D1F85A98400DBE905 /* SwitchingViewController.swift */; };
		77C5C7801F85AC6C00DBE905 /* BlueViewController.swift in Sources */ = {isa = PBXBuildFile; fileRef = 77C5C77F1F85AC6C00DBE905 /* BlueViewController.swift */; };
		77C5C7821F85AC8600DBE905 /* YellowViewController.swift in Sources */ = {isa = PBXBuildFile; fileRef = 77C5C7811F85AC8600DBE905 /* YellowViewController.swift */; };
/* End PBXBuildFile section */

/* Begin PBXFileReference section */
		77C5C7681F859E4800DBE905 /* MultiViewAppTest.app */ = {isa = PBXFileReference; explicitFileType = wrapper.application; includeInIndex = 0; path = MultiViewAppTest.app; sourceTree = BUILT_PRODUCTS_DIR; };
		77C5C76B1F859E4800DBE905 /* AppDelegate.swift */ = {isa = PBXFileReference; lastKnownFileType = sourcecode.swift; path = AppDelegate.swift; sourceTree = "<group>"; };
		77C5C7701F859E4800DBE905 /* Base */ = {isa = PBXFileReference; lastKnownFileType = file.storyboard; name = Base; path = Base.lproj/Main.storyboard; sourceTree = "<group>"; };
		77C5C7721F859E4800DBE905 /* Assets.xcassets */ = {isa = PBXFileReference; lastKnownFileType = folder.assetcatalog; path = Assets.xcassets; sourceTree = "<group>"; };
		77C5C7751F859E4800DBE905 /* Base */ = {isa = PBXFileReference; lastKnownFileType = file.storyboard; name = Base; path = Base.lproj/LaunchScreen.storyboard; sourceTree = "<group>"; };
		77C5C7771F859E4800DBE905 /* Info.plist */ = {isa = PBXFileReference; lastKnownFileType = text.plist.xml; path = Info.plist; sourceTree = "<group>"; };
		77C5C77D1F85A98400DBE905 /* SwitchingViewController.swift */ = {isa = PBXFileReference; fileEncoding = 4; lastKnownFileType = sourcecode.swift; path = SwitchingViewController.swift; sourceTree = "<group>"; };
		77C5C77F1F85AC6C00DBE905 /* BlueViewController.swift */ = {isa = PBXFileReference; fileEncoding = 4; lastKnownFileType = sourcecode.swift; path = BlueViewController.swift; sourceTree = "<group>"; };
		77C5C7811F85AC8600DBE905 /* YellowViewController.swift */ = {isa = PBXFileReference; fileEncoding = 4; lastKnownFileType = sourcecode.swift; path = YellowViewController.swift; sourceTree = "<group>"; };
/* End PBXFileReference section */

/* Begin PBXFrameworksBuildPhase section */
		77C5C7651F859E4800DBE905 /* Frameworks */ = {
			isa = PBXFrameworksBuildPhase;
			buildActionMask = 2147483647;
			files = (
			);
			runOnlyForDeploymentPostprocessing = 0;
		};
/* End PBXFrameworksBuildPhase section */

/* Begin PBXGroup section */
		77C5C75F1F859E4800DBE905 = {
			isa = PBXGroup;
			children = (
				77C5C76A1F859E4800DBE905 /* MultiViewAppTest */,
				77C5C7691F859E4800DBE905 /* Products */,
			);
			sourceTree = "<group>";
		};
		77C5C7691F859E4800DBE905 /* Products */ = {
			isa = PBXGroup;
			children = (
				77C5C7681F859E4800DBE905 /* MultiViewAppTest.app */,
			);
			name = Products;
			sourceTree = "<group>";
		};
		77C5C76A1F859E4800DBE905 /* MultiViewAppTest */ = {
			isa = PBXGroup;
			children = (
				77C5C76B1F859E4800DBE905 /* AppDelegate.swift */,
				77C5C76F1F859E4800DBE905 /* Main.storyboard */,
				77C5C7721F859E4800DBE905 /* Assets.xcassets */,
				77C5C7741F859E4800DBE905 /* LaunchScreen.storyboard */,
				77C5C7771F859E4800DBE905 /* Info.plist */,
				77C5C77D1F85A98400DBE905 /* SwitchingViewController.swift */,
				77C5C7811F85AC8600DBE905 /* YellowViewController.swift */,
				77C5C77F1F85AC6C00DBE905 /* BlueViewController.swift */,
			);
			path = MultiViewAppTest;
			sourceTree = "<group>";
		};
/* End PBXGroup section */

/* Begin PBXNativeTarget section */
		77C5C7671F859E4800DBE905 /* MultiViewAppTest */ = {
			isa = PBXNativeTarget;
			buildConfigurationList = 77C5C77A1F859E4800DBE905 /* Build configuration list for PBXNativeTarget "MultiViewAppTest" */;
			buildPhases = (
				77C5C7641F859E4800DBE905 /* Sources */,
				77C5C7651F859E4800DBE905 /* Frameworks */,
				77C5C7661F859E4800DBE905 /* Resources */,
			);
			buildRules = (
			);
			dependencies = (
			);
			name = MultiViewAppTest;
			productName = MultiViewAppTest;
			productReference = 77C5C7681F859E4800DBE905 /* MultiViewAppTest.app */;
			productType = "com.apple.product-type.application";
		};
/* End PBXNativeTarget section */

/* Begin PBXProject section */
		77C5C7601F859E4800DBE905 /* Project object */ = {
			isa = PBXProject;
			attributes = {
				LastSwiftUpdateCheck = 0830;
				LastUpgradeCheck = 0830;
				ORGANIZATIONNAME = "Shifty Land LLC";
				TargetAttributes = {
					77C5C7671F859E4800DBE905 = {
						CreatedOnToolsVersion = 8.3.2;
						DevelopmentTeam = 2BULHRS882;
						ProvisioningStyle = Automatic;
					};
				};
			};
			buildConfigurationList = 77C5C7631F859E4800DBE905 /* Build configuration list for PBXProject "MultiViewAppTest" */;
			compatibilityVersion = "Xcode 3.2";
			developmentRegion = English;
			hasScannedForEncodings = 0;
			knownRegions = (
				en,
				Base,
			);
			mainGroup = 77C5C75F1F859E4800DBE905;
			productRefGroup = 77C5C7691F859E4800DBE905 /* Products */;
			projectDirPath = "";
			projectRoot = "";
			targets = (
				77C5C7671F859E4800DBE905 /* MultiViewAppTest */,
			);
		};
/* End PBXProject section */

/* Begin PBXResourcesBuildPhase section */
		77C5C7661F859E4800DBE905 /* Resources */ = {
			isa = PBXResourcesBuildPhase;
			buildActionMask = 2147483647;
			files = (
				77C5C7761F859E4800DBE905 /* LaunchScreen.storyboard in Resources */,
				77C5C7731F859E4800DBE905 /* Assets.xcassets in Resources */,
				77C5C7711F859E4800DBE905 /* Main.storyboard in Resources */,
			);
			runOnlyForDeploymentPostprocessing = 0;
		};
/* End PBXResourcesBuildPhase section */

/* Begin PBXSourcesBuildPhase section */
		77C5C7641F859E4800DBE905 /* Sources */ = {
			isa = PBXSourcesBuildPhase;
			buildActionMask = 2147483647;
			files = (
				77C5C7821F85AC8600DBE905 /* YellowViewController.swift in Sources */,
				77C5C76C1F859E4800DBE905 /* AppDelegate.swift in Sources */,
				77C5C7801F85AC6C00DBE905 /* BlueViewController.swift in Sources */,
				77C5C77E1F85A98400DBE905 /* SwitchingViewController.swift in Sources */,
			);
			runOnlyForDeploymentPostprocessing = 0;
		};
/* End PBXSourcesBuildPhase section */

/* Begin PBXVariantGroup section */
		77C5C76F1F859E4800DBE905 /* Main.storyboard */ = {
			isa = PBXVariantGroup;
			children = (
				77C5C7701F859E4800DBE905 /* Base */,
			);
			name = Main.storyboard;
			sourceTree = "<group>";
		};
		77C5C7741F859E4800DBE905 /* LaunchScreen.storyboard */ = {
			isa = PBXVariantGroup;
			children = (
				77C5C7751F859E4800DBE905 /* Base */,
			);
			name = LaunchScreen.storyboard;
			sourceTree = "<group>";
		};
/* End PBXVariantGroup section */

/* Begin XCBuildConfiguration section */
		77C5C7781F859E4800DBE905 /* Debug */ = {
			isa = XCBuildConfiguration;
			buildSettings = {
				ALWAYS_SEARCH_USER_PATHS = NO;
				CLANG_ANALYZER_NONNULL = YES;
				CLANG_ANALYZER_NUMBER_OBJECT_CONVERSION = YES_AGGRESSIVE;
				CLANG_CXX_LANGUAGE_STANDARD = "gnu++0x";
				CLANG_CXX_LIBRARY = "libc++";
				CLANG_ENABLE_MODULES = YES;
				CLANG_ENABLE_OBJC_ARC = YES;
				CLANG_WARN_BOOL_CONVERSION = YES;
				CLANG_WARN_CONSTANT_CONVERSION = YES;
				CLANG_WARN_DIRECT_OBJC_ISA_USAGE = YES_ERROR;
				CLANG_WARN_DOCUMENTATION_COMMENTS = YES;
				CLANG_WARN_EMPTY_BODY = YES;
				CLANG_WARN_ENUM_CONVERSION = YES;
				CLANG_WARN_INFINITE_RECURSION = YES;
				CLANG_WARN_INT_CONVERSION = YES;
				CLANG_WARN_OBJC_ROOT_CLASS = YES_ERROR;
				CLANG_WARN_SUSPICIOUS_MOVE = YES;
				CLANG_WARN_UNREACHABLE_CODE = YES;
				CLANG_WARN__DUPLICATE_METHOD_MATCH = YES;
				"CODE_SIGN_IDENTITY[sdk=iphoneos*]" = "iPhone Developer";
				COPY_PHASE_STRIP = NO;
				DEBUG_INFORMATION_FORMAT = dwarf;
				ENABLE_STRICT_OBJC_MSGSEND = YES;
				ENABLE_TESTABILITY = YES;
				GCC_C_LANGUAGE_STANDARD = gnu99;
				GCC_DYNAMIC_NO_PIC = NO;
				GCC_NO_COMMON_BLOCKS = YES;
				GCC_OPTIMIZATION_LEVEL = 0;
				GCC_PREPROCESSOR_DEFINITIONS = (
					"DEBUG=1",
					"$(inherited)",
				);
				GCC_WARN_64_TO_32_BIT_CONVERSION = YES;
				GCC_WARN_ABOUT_RETURN_TYPE = YES_ERROR;
				GCC_WARN_UNDECLARED_SELECTOR = YES;
				GCC_WARN_UNINITIALIZED_AUTOS = YES_AGGRESSIVE;
				GCC_WARN_UNUSED_FUNCTION = YES;
				GCC_WARN_UNUSED_VARIABLE = YES;
				IPHONEOS_DEPLOYMENT_TARGET = 10.3;
				MTL_ENABLE_DEBUG_INFO = YES;
				ONLY_ACTIVE_ARCH = YES;
				SDKROOT = iphoneos;
				SWIFT_ACTIVE_COMPILATION_CONDITIONS = DEBUG;
				SWIFT_OPTIMIZATION_LEVEL = "-Onone";
				TARGETED_DEVICE_FAMILY = "1,2";
			};
			name = Debug;
		};
		77C5C7791F859E4800DBE905 /* Release */ = {
			isa = XCBuildConfiguration;
			buildSettings = {
				ALWAYS_SEARCH_USER_PATHS = NO;
				CLANG_ANALYZER_NONNULL = YES;
				CLANG_ANALYZER_NUMBER_OBJECT_CONVERSION = YES_AGGRESSIVE;
				CLANG_CXX_LANGUAGE_STANDARD = "gnu++0x";
				CLANG_CXX_LIBRARY = "libc++";
				CLANG_ENABLE_MODULES = YES;
				CLANG_ENABLE_OBJC_ARC = YES;
				CLANG_WARN_BOOL_CONVERSION = YES;
				CLANG_WARN_CONSTANT_CONVERSION = YES;
				CLANG_WARN_DIRECT_OBJC_ISA_USAGE = YES_ERROR;
				CLANG_WARN_DOCUMENTATION_COMMENTS = YES;
				CLANG_WARN_EMPTY_BODY = YES;
				CLANG_WARN_ENUM_CONVERSION = YES;
				CLANG_WARN_INFINITE_RECURSION = YES;
				CLANG_WARN_INT_CONVERSION = YES;
				CLANG_WARN_OBJC_ROOT_CLASS = YES_ERROR;
				CLANG_WARN_SUSPICIOUS_MOVE = YES;
				CLANG_WARN_UNREACHABLE_CODE = YES;
				CLANG_WARN__DUPLICATE_METHOD_MATCH = YES;
				"CODE_SIGN_IDENTITY[sdk=iphoneos*]" = "iPhone Developer";
				COPY_PHASE_STRIP = NO;
				DEBUG_INFORMATION_FORMAT = "dwarf-with-dsym";
				ENABLE_NS_ASSERTIONS = NO;
				ENABLE_STRICT_OBJC_MSGSEND = YES;
				GCC_C_LANGUAGE_STANDARD = gnu99;
				GCC_NO_COMMON_BLOCKS = YES;
				GCC_WARN_64_TO_32_BIT_CONVERSION = YES;
				GCC_WARN_ABOUT_RETURN_TYPE = YES_ERROR;
				GCC_WARN_UNDECLARED_SELECTOR = YES;
				GCC_WARN_UNINITIALIZED_AUTOS = YES_AGGRESSIVE;
				GCC_WARN_UNUSED_FUNCTION = YES;
				GCC_WARN_UNUSED_VARIABLE = YES;
				IPHONEOS_DEPLOYMENT_TARGET = 10.3;
				MTL_ENABLE_DEBUG_INFO = NO;
				SDKROOT = iphoneos;
				SWIFT_OPTIMIZATION_LEVEL = "-Owholemodule";
				TARGETED_DEVICE_FAMILY = "1,2";
				VALIDATE_PRODUCT = YES;
			};
			name = Release;
		};
		77C5C77B1F859E4800DBE905 /* Debug */ = {
			isa = XCBuildConfiguration;
			buildSettings = {
				ASSETCATALOG_COMPILER_APPICON_NAME = AppIcon;
				DEVELOPMENT_TEAM = 2BULHRS882;
				INFOPLIST_FILE = MultiViewAppTest/Info.plist;
				LD_RUNPATH_SEARCH_PATHS = "$(inherited) @executable_path/Frameworks";
				PRODUCT_BUNDLE_IDENTIFIER = ca.centennialcollege.MultiViewAppTest;
				PRODUCT_NAME = "$(TARGET_NAME)";
				SWIFT_VERSION = 3.0;
			};
			name = Debug;
		};
		77C5C77C1F859E4800DBE905 /* Release */ = {
			isa = XCBuildConfiguration;
			buildSettings = {
				ASSETCATALOG_COMPILER_APPICON_NAME = AppIcon;
				DEVELOPMENT_TEAM = 2BULHRS882;
				INFOPLIST_FILE = MultiViewAppTest/Info.plist;
				LD_RUNPATH_SEARCH_PATHS = "$(inherited) @executable_path/Frameworks";
				PRODUCT_BUNDLE_IDENTIFIER = ca.centennialcollege.MultiViewAppTest;
				PRODUCT_NAME = "$(TARGET_NAME)";
				SWIFT_VERSION = 3.0;
			};
			name = Release;
		};
/* End XCBuildConfiguration section */

/* Begin XCConfigurationList section */
		77C5C7631F859E4800DBE905 /* Build configuration list for PBXProject "MultiViewAppTest" */ = {
			isa = XCConfigurationList;
			buildConfigurations = (
				77C5C7781F859E4800DBE905 /* Debug */,
				77C5C7791F859E4800DBE905 /* Release */,
			);
			defaultConfigurationIsVisible = 0;
			defaultConfigurationName = Release;
		};
		77C5C77A1F859E4800DBE905 /* Build configuration list for PBXNativeTarget "MultiViewAppTest" */ = {
			isa = XCConfigurationList;
			buildConfigurations = (
				77C5C77B1F859E4800DBE905 /* Debug */,
				77C5C77C1F859E4800DBE905 /* Release */,
			);
			defaultConfigurationIsVisible = 0;
		};
/* End XCConfigurationList section */
	};
	rootObject = 77C5C7601F859E4800DBE905 /* Project object */;
}
